charm.land/lipgloss/v2 v2.0.6 h1:EaGKeuA8FvF+v2BT5VmZd2LoYLaMZJXA5n34th8nCIQ=
charm.land/lipgloss/v2 v2.0.6/go.mod h1:ipDDJNSGa1hlwDtSfW1s2/xR8Vdhbut4PXh2zEKZd0Q=
github.com/Masterminds/semver/v3 v3.5.0 h1:kQceYJfbupGfZOKZQg0kou0DgAKhzDg2NZPAwZ/2OOE=
github.com/Masterminds/semver/v3 v3.5.0/go.mod h1:4V+yj/TJE1HU9XfppCwVMZq3I84lprf4nC11bSS5beM=
github.com/aymanbagabas/go-udiff v0.4.1 h1:OEIrQ8maEeDBXQDoGCbbTTXYJMYRCRO1fnodZ12Gv5o=
github.com/aymanbagabas/go-udiff v0.4.1/go.mod h1:0L9PGwj20lrtmEMeyw4WKJ/TMyDtvAoK9bf2u/mNo3w=
github.com/cespare/xxhash/v2 v2.3.0 h1:UL815xU9SqsFlibzuggzjXhog7bL6oX9BbNZnL2UFvs=
github.com/cespare/xxhash/v2 v2.3.0/go.mod h1:VGX0DQ3Q6kWi7AoAeZDth3/j3BFtOZR5XLFGgcrjCOs=
github.com/charmbracelet/colorprofile v0.4.3 h1:QPa1IWkYI+AOB+fE+mg/5/4HRMZcaXex9t5KX76i20Q=
github.com/charmbracelet/colorprofile v0.4.3/go.mod h1:/zT4BhpD5aGFpqQQqw7a+VtHCzu+zrQtt1zhMt9mR4Q=
github.com/charmbracelet/ultraviolet v0.0.0-20260928045949-bbf040aedf25 h1:LhbbjWaAXqCMLcb/44togwDILxAMCnBAfs/o0H3rxAw=
github.com/charmbracelet/ultraviolet v0.0.0-20260928045949-bbf040aedf25/go.mod h1:D9SVXVpAsD1pP6xR6BiERbe4+dUU6EW9US1TFrNutGA=
github.com/charmbracelet/x/ansi v0.11.8 h1:JMFwp0CgDC2+jcOB162HH5k7I3FVbgFSMMYg7dSPBQQ=
github.com/charmbracelet/x/ansi v0.11.8/go.mod h1:ZNN+3mXny/516oTQPLMPIBeSINvNJJQ8uQXDgbeJxY0=
github.com/charmbracelet/x/exp/golden v0.0.0-20260705004817-2cc9a8fe1146 h1:+Gg3H2AVBIiYRUG/ctd7XjvUVbZ11odkbdkOrImmtbg=
github.com/charmbracelet/x/exp/golden v0.0.0-20260705004817-2cc9a8fe1146/go.mod h1:6fMpcW6iwN/kX+xJ52eqVWsDiBTe0UJD24JLoHFe+P0=
github.com/charmbracelet/x/term v0.2.2 h1:xVRT/S2ZcKdhhOuSP4t5cLi5o+JxklsoEObBSgfgZRk=
github.com/charmbracelet/x/term v0.2.2/go.mod h1:kF8CY5RddLWrsgVwpw4kAa6TESp6EB5y3uxGLeCqzAI=
github.com/charmbracelet/x/termios v0.1.1 h1:o3Q2bT8eqzGnGPOYheoYS8eEleT5ZVNYNy8JawjaNZY=
github.com/charmbracelet/x/termios v0.1.1/go.mod h1:rB7fnv1TgOPOyyKRJ9o+AsTU/vK5WHJ2ivHeut/Pcwo=
github.com/charmbracelet/x/windows v0.2.2 h1:IofanmuvaxnKHuV04sC0eBy/smG6kIKrWG2/jYn2GuM=
github.com/charmbracelet/x/windows v0.2.2/go.mod h1:/8XtdKZzedat74NQFn0NGlGL4soHB0YQZrETF96h75k=
github.com/clipperhouse/displaywidth v0.11.0 h1:lBc6kY44VFw+TDx4I8opi/EtL9m20WSEFgwIwO+UVM8=
github.com/clipperhouse/displaywidth v0.11.0/go.mod h1:bkrFNkf81G8HyVqmKGxsPufD3JhNl3dSqnGhOoSD/o0=
github.com/clipperhouse/uax29/v2 v2.7.0 h1:+gs4oBZ2gPfVrKPthwbMzWZDaAFPGYK72F0NJv2v7Vk=
github.com/clipperhouse/uax29/v2 v2.7.0/go.mod h1:EFJ2TJMRUaplDxHKj1qAEhCtQPW2tJSwu5BF98AuoVM=
github.com/go-logr/logr v1.4.3 h1:CjnDlHq8ikf6E492q6eKboGOC0T8CDaOvkHCIg8idEI=
github.com/go-logr/logr v1.4.3/go.mod h1:9T104GzyrTigFIr8wt5mBrctHMim0Nb2HLGrmQ40KvY=
github.com/go-task/slim-sprig/v3 v3.0.0 h1:sUs3vkvUymDpBKi3qH1YSqBQk9+9D/8M2mN1vB6EwHI=
github.com/go-task/slim-sprig/v3 v3.0.0/go.mod h1:W848ghGpv3Qj3dhTPRyJypKRiqCdHZiAzKg9hl15HA8=
github.com/gofrs/flock v0.13.1 h1:jjREztyBeSKBZYAC+mgc1laB+xsgy4kYMf3FbKF2UBo=
github.com/gofrs/flock v0.13.1/go.mod h1:sf4BFiHwnvgxa25DlQoDqXQnwRMEOwqxRq37P6MzzmE=
github.com/golangci/plugin-module-register v0.1.2 h1:e5WM6PO6NIAEcij3B053CohVp3HIYbzSuP53UAYgOpg=
github.com/golangci/plugin-module-register v0.1.2/go.mod h1:1+QGTsKBvAIvPvoY/os+G5eoqxWn70HYDm2uvUyGuVw=
github.com/google/go-cmp v0.7.0 h1:wk8382ETsv4JYUZwIsn6YpYiWiBsYLSJiTsyBybVuN8=
github.com/google/go-cmp v0.7.0/go.mod h1:pXiqmnSA92OHEEa9HXL2W4E7lf9JzCmGVUdgjX3N/iU=
github.com/google/pprof v0.0.0-20260604005048-7023385849c0 h1:h1QTMDl6q9wDvDCJVpKQSjgleGFYnd2fOxmg2K+6BGE=
github.com/google/pprof v0.0.0-20260604005048-7023385849c0/go.mod h1:MxpfABSjhmINe3F1It9d+8exIHFvUqtLIRCdOGNXqiI=
github.com/larsartmann/go-atomic-write v0.6.0 h1:+f7NE8pEe4Fqb6u+2sCtB9dOWWfgwjdTn24o3hMjY5o=
github.com/larsartmann/go-atomic-write v0.6.0/go.mod h1:2Mj3sw25Lx5dN3WjOC6O/p9nGxcU/jjn977CanerqcU=
github.com/larsartmann/go-branded-id v0.6.0 h1:bqvJcozqtr8CP7/GWbWqHdYWt2YaIaWZdNvPSbqdZXU=
github.com/larsartmann/go-branded-id v0.6.0/go.mod h1:gM5FhB6d23qZO8hIU/rHpUnm/6dwKy9UGMhgvXDqNsc=
github.com/larsartmann/go-error-family v0.11.0 h1:xqXLKrTMznStmHUapxd/6Fj5/878sb4SIZiy4JvCItQ=
github.com/larsartmann/go-error-family v0.11.0/go.mod h1:CAzjAVWjAFDUXEaaRqIgjW28i/NrQ07OsE9Dffhx29c=
github.com/larsartmann/go-finding v1.13.0 h1:JTLKvlNb6C9Yldwu1Iojyte7c6ng8frzGTdq5DNEvcc=
github.com/larsartmann/go-finding v1.13.0/go.mod h1:0ebJF4MSuJDqO1+u2SK/QVJF+vJfwxJDuzTSjc39eIs=
github.com/larsartmann/go-linter-sdk v0.3.1 h1:4EobDGG03kVe5vlzOetbpO/kPJKBP0JqY19ocdEunHU=
github.com/larsartmann/go-linter-sdk v0.3.1/go.mod h1:iz7STPPjLDsiXtAsz0ItQd1gcHx6YH3hasAy1+ZxVnU=
github.com/larsartmann/go-output v0.38.2 h1:8uWXanLinSOS5KiN+7X3n+0QKuPkUpJf+so5lNbL5tI=
github.com/larsartmann/go-output v0.38.2/go.mod h1:7J5xKQoNozdI/kJSJ9CbQUJdrlYi4B8rD6rJJgkRFbw=
github.com/larsartmann/go-output/delimited v0.38.2 h1:G8EyicjH4a5GVBl2e19eme3u7ou8bHcWosMmo4ezzoA=
github.com/larsartmann/go-output/delimited v0.38.2/go.mod h1:D/Tq/AI8Wy0mhrWLvNXwpBlnWPLtXB7yh4PHSTNobds=
github.com/larsartmann/go-output/escape v0.38.2 h1:ML2wyMOAkI+EHbUTysdyjboHS0w0mLUE1vvN0kkMGH4=
github.com/larsartmann/go-output/escape v0.38.2/go.mod h1:0iTFd6fhBaMPWf0vtY4fIqTC6K/zpkK8yvVA8gYDck0=
github.com/larsartmann/go-output/markdown v0.38.2 h1:NthlIngnWQtacfPBh1e1mDBJIBuNqyGSPVh1kMAt7qU=
github.com/larsartmann/go-output/markdown v0.38.2/go.mod h1:79K4J55oeD+7lE62Gnt67hiWSJrNFL1wZfhZkAqZR5I=
github.com/larsartmann/go-output/markup v0.38.2 h1:+NxQJANJpSGg4C1vsTBDf3WdppsA6ibKWgmd0iirgcU=
github.com/larsartmann/go-output/markup v0.38.2/go.mod h1:U28eZxmM3HfBYxV4EIWR43NUtr+gENH6TXRHPMg5kyk=
github.com/larsartmann/go-output/table v0.38.2 h1:PIlgdMmXZcduCWdeBkTgJ2Zh1jbuPHr1fg0wERrLE+c=
github.com/larsartmann/go-output/table v0.38.2/go.mod h1:BdMjDLMlAsGk+1UQYgOMH8QgWNAnbie8UhiyQ+K15r4=
github.com/larsartmann/go-output/testhelpers v0.38.1 h1:h0gbYudkNyW9v+gcL8TI7ZyDHsczyXWu7QmK2xsdpWM=
github.com/larsartmann/go-output/testhelpers v0.38.1/go.mod h1:G4l/zR3bKR1w77AYPdsOnQSRLhNcYjjhzbMA64rmCug=
github.com/lucasb-eyer/go-colorful v1.4.1 h1:1EO+WB73+EH8EVbzlrG3KLAfEypQWVHIBqlTf+2hNss=
github.com/lucasb-eyer/go-colorful v1.4.1/go.mod h1:R4dSotOR9KMtayYi1e77YzuveK+i7ruzyGqttikkLy0=
github.com/mattn/go-runewidth v0.0.30 h1:+KUuiDA4fF0R1p5FeueHefjDm+GIM+kWfFnDjybOPgk=
github.com/mattn/go-runewidth v0.0.30/go.mod h1:3qAiGCV4Koz/yuveO58qUefmUTRm8r0IGEXZ9jeHp/8=
github.com/muesli/cancelreader v0.2.2 h1:3I4Kt4BQjOR54NavqnDogx/MIoWBFa0StPA8ELUXHmA=
github.com/muesli/cancelreader v0.2.2/go.mod h1:3XuTXfFS2VjM+HTLZY9Ak0l6eUKfijIfMUZ4EgX0QYo=
github.com/onsi/ginkgo/v2 v2.32.2 h1:2o6vyFvR6snrJWgRVztC+OwuqqPEMI1UzYl2s2iU7Cg=
github.com/onsi/ginkgo/v2 v2.32.2/go.mod h1:+aXOY+vzZ5mu2iI2HpTZUPmM//oQfsNFX6gU9kNcA44=
github.com/onsi/gomega v1.43.0 h1:VlG/1FxqNxhSO+lq/OHBNaaqwiBK/mO8JbVkX9Y+FeU=
github.com/onsi/gomega v1.43.0/go.mod h1:REff/hsDsodHoKlWsP2mAPhu1+5/6hVYNf9rIEBpeSg=
github.com/rivo/uniseg v0.4.7 h1:WUdvkW8uEhrYfLC4ZzdpI2ztxP1I582+49Oc5Mq64VQ=
github.com/rivo/uniseg v0.4.7/go.mod h1:FN3SvrM+Zdj16jyLfmOkMNblXMcoc8DfTHruCPUcx88=
github.com/samber/do/v2 v2.1.0 h1:lqCHn05XvY3VqwxvZDQPSkH+jIGWSVHUrSVLEbPOopo=
github.com/samber/do/v2 v2.1.0/go.mod h1:wJBoiaZcUZyGuraOhfz15b517ZMogGs+U03DvnqvT6Q=
github.com/samber/go-type-to-string v1.8.0 h1:5z6tDTjtXxkIAoAuHAZYMYR8mkBZjVgeSH7jcSLqc8w=
github.com/samber/go-type-to-string v1.8.0/go.mod h1:jpU77vIDoIxkahknKDoEx9C8bQ1ADnh2sotZ8I4QqBU=
github.com/stretchr/testify v1.12.1 h1:EuwCh5fleGS7H32xRwO3wRGT7DxrDhLAT6FF8MpWDWE=
github.com/stretchr/testify v1.12.1/go.mod h1:MDEgiDPPsNp5cuIrHPPCyornHKgEVbtFUmoNlxoYthg=
github.com/xo/terminfo v1.2.0 h1:d0ZTOCpuGE0lwSAOs0zcJjwz3jWQyqcRt9XbGJpCOl4=
github.com/xo/terminfo v1.2.0/go.mod h1:lGzkSo8Fe7IRh/w+Gqz7n5mDog4FVXCj3gy/DYTBqio=
go.yaml.in/yaml/v3 v3.0.5 h1:N6y/pJk8buWs9NY5ERU2HSMfm+IuD/OtfdAnq6kESPw=
go.yaml.in/yaml/v3 v3.0.5/go.mod h1:HVTZu1O7/Vkt2N+BFy8Zza+lnLsABggaTM2ZpNIGuKg=
golang.org/x/mod v0.41.0 h1:qJmnOUb4YB+FsEuM3HcWucdZASCPGhsX6uljO6pog0c=
golang.org/x/mod v0.41.0/go.mod h1:Ek9pY8RKWXwsWvd3rQiHYtMqkjSUV+s1Rj7j4H5Ur6o=
golang.org/x/net v0.59.0 h1:5zfYln+w5XCxwrnMMJPufRgNoXEaGxl0wo5GqPXyues=
golang.org/x/net v0.59.0/go.mod h1:2DA/G1UfVbCpQPeWTmMPGY7Cs2PkBkwu743bVX5PIVg=
golang.org/x/sync v0.23.0 h1:KameEIfc1IkluZyXWLn39Wd4tURc6GbCiISGiZm2bQk=
golang.org/x/sync v0.23.0/go.mod h1:sUUOizhqBxiL6pEWpqNLUiaJn1ShEbZ6BBqskPbjZm0=
golang.org/x/sys v0.48.0 h1:bbX/i/6MgT9BVLM9RT1thmxL04yeTAhbEz4SyadbXoo=
golang.org/x/sys v0.48.0/go.mod h1:hNLxWAXmnKAxqDtdwIYC4bM9oQPEecfsnNMuSxOs3og=
golang.org/x/term v0.46.0 h1:3+OXuTbaKDgwk8jTi3aSLHRlmWqHEUDUtxnbFigO4YE=
golang.org/x/term v0.46.0/go.mod h1:+K02xbkittuwc0Am4abfA3Fc+XRGXkvBXNO88NCXPoc=
golang.org/x/text v0.42.0 h1:JbOZXgfeCPU9gacVtYliJqOhD+zhrEqK4LfdpmlUZqI=
golang.org/x/text v0.42.0/go.mod h1:ojzP1Z+2QtioaF8DTtO8K5q7JWVVYwZKenzujK0Zd0E=
golang.org/x/tools v0.50.0 h1:c2ifzfcuY7L90lZ2aKd8S4K2NpASF08SZx9ZuJkHmSU=
golang.org/x/tools v0.50.0/go.mod h1:7ulVMw3831Mwi5EZD6RomGyffr4VFjuNYXf2BbCEAV0=
