github.com/cespare/xxhash/v2 v2.3.0 h1:UL815xU9SqsFlibzuggzjXhog7bL6oX9BbNZnL2UFvs=
github.com/cespare/xxhash/v2 v2.3.0/go.mod h1:VGX0DQ3Q6kWi7AoAeZDth3/j3BFtOZR5XLFGgcrjCOs=
github.com/gofrs/flock v0.13.0 h1:95JolYOvGMqeH31+FC7D2+uULf6mG61mEZ/A8dRYMzw=
github.com/gofrs/flock v0.13.0/go.mod h1:jxeyy9R1auM5S6JYDBhDt+E2TCo7DkratH4Pgi8P+Z0=
github.com/larsartmann/go-atomic-write v0.5.1 h1:bMJY+/hpcbjyjFBLtzONX5/aN3F4TkTIB5DG1NmXY+Q=
github.com/larsartmann/go-atomic-write v0.5.1/go.mod h1:pkmHWPaCXUdJstjggiHCQufE1vquDCfwYsQfHPywxNI=
github.com/larsartmann/go-error-family v0.10.0 h1:xGPT8WzPr9EJ+SHCasLtZ2mJ7drVxmfkyM6kjzHoAWo=
github.com/larsartmann/go-error-family v0.10.0/go.mod h1:c5ZKAqG/2xJmF7ZjShNAenbxHzWqut90ARS0lPuyUaY=
github.com/larsartmann/go-finding v1.9.2 h1:DRH94ScTEtGiXSZzzmWEKQo9qVZrPqe+mNINA+MjFVo=
github.com/larsartmann/go-finding v1.9.2/go.mod h1:gOlU8RDTAhzWrotfL6pHNDWWCP2Hf5Zsm7gceR/80Tc=
github.com/larsartmann/go-finding/analysis v1.9.2 h1:/HD77IlwkIB3y3dIN6EZC4u1bZmvw9ZOEK4AQ60F9TU=
github.com/larsartmann/go-finding/analysis v1.9.2/go.mod h1:Mu7vXxNfFcAp9gb9wYdDSJmuoq9WfcJ/iOjOF2v2z2o=
github.com/larsartmann/go-linter-sdk v0.3.1 h1:4EobDGG03kVe5vlzOetbpO/kPJKBP0JqY19ocdEunHU=
github.com/larsartmann/go-linter-sdk v0.3.1/go.mod h1:iz7STPPjLDsiXtAsz0ItQd1gcHx6YH3hasAy1+ZxVnU=
github.com/samber/do/v2 v2.1.0 h1:lqCHn05XvY3VqwxvZDQPSkH+jIGWSVHUrSVLEbPOopo=
github.com/samber/do/v2 v2.1.0/go.mod h1:wJBoiaZcUZyGuraOhfz15b517ZMogGs+U03DvnqvT6Q=
github.com/samber/go-type-to-string v1.8.0 h1:5z6tDTjtXxkIAoAuHAZYMYR8mkBZjVgeSH7jcSLqc8w=
github.com/samber/go-type-to-string v1.8.0/go.mod h1:jpU77vIDoIxkahknKDoEx9C8bQ1ADnh2sotZ8I4QqBU=
golang.org/x/mod v0.41.0 h1:qJmnOUb4YB+FsEuM3HcWucdZASCPGhsX6uljO6pog0c=
golang.org/x/mod v0.41.0/go.mod h1:Ek9pY8RKWXwsWvd3rQiHYtMqkjSUV+s1Rj7j4H5Ur6o=
golang.org/x/sync v0.23.0 h1:KameEIfc1IkluZyXWLn39Wd4tURc6GbCiISGiZm2bQk=
golang.org/x/sync v0.23.0/go.mod h1:sUUOizhqBxiL6pEWpqNLUiaJn1ShEbZ6BBqskPbjZm0=
golang.org/x/sys v0.48.0 h1:bbX/i/6MgT9BVLM9RT1thmxL04yeTAhbEz4SyadbXoo=
golang.org/x/sys v0.48.0/go.mod h1:hNLxWAXmnKAxqDtdwIYC4bM9oQPEecfsnNMuSxOs3og=
golang.org/x/tools v0.50.0 h1:c2ifzfcuY7L90lZ2aKd8S4K2NpASF08SZx9ZuJkHmSU=
golang.org/x/tools v0.50.0/go.mod h1:7ulVMw3831Mwi5EZD6RomGyffr4VFjuNYXf2BbCEAV0=
